{
  "requires": true,
  "lockfileVersion": 1,
  "dependencies": {
    "jqwidgets-ng": {
      "version": "8.1.4",
      "resolved": "https://registry.npmjs.org/jqwidgets-ng/-/jqwidgets-ng-8.1.4.tgz",
      "integrity": "sha512-l722b45LdMNpkSk2Yq6ixofj0/wt+bGAe8atuqQ40+V9HQ8r7QiZQC4lTVmsGfez1w55YcKZpQnwXtcWW21msQ==",
      "requires": {
        "jqwidgets-scripts": "8.1.4"
      }
    },
    "jqwidgets-scripts": {
      "version": "8.1.4",
      "resolved": "https://registry.npmjs.org/jqwidgets-scripts/-/jqwidgets-scripts-8.1.4.tgz",
      "integrity": "sha512-mq86avrO/t6/9IBYP8dT04RKjwv9eHBXRPBht1F/0K0hXwPsdCZfvB0M5hRyweomN87DUS5EImQeGH7TNFi7qQ=="
    }
  }
}
